
Microsoft Visual Studio Solution File, Format Version 12.00
# Visual Studio 15
VisualStudioVersion = 15.0.27130.2027
MinimumVisualStudioVersion = 10.0.40219.1
Project("{2150E333-8FDC-42A3-9474-1A3956D46DE8}") = "Solution Items", "Solution Items", "{3AECEBBA-A66A-4B64-B222-CFEBD4ED444F}"
	ProjectSection(SolutionItems) = preProject
		.dockerignore = .dockerignore
		.gitignore = .gitignore
		.travis.yml = .travis.yml
		codecov.yml = codecov.yml
		docker-compose.test.yml = docker-compose.test.yml
		Dockerfile.test = Dockerfile.test
		Dockerfile.test.build = Dockerfile.test.build
		Dockerfile.test.build.sh = Dockerfile.test.build.sh
	EndProjectSection
EndProject
Project("{9A19103F-16F7-4668-BE54-9A1E7A4F7556}") = "Com.Bateeq.Service.Warehouse.Lib", "Com.Bateeq.Service.Warehouse.Lib\Com.Bateeq.Service.Warehouse.Lib.csproj", "{F3BDE59C-F526-425C-80EF-1BE000BC341D}"
EndProject
Project("{9A19103F-16F7-4668-BE54-9A1E7A4F7556}") = "Com.Bateeq.Service.Warehouse.WebApi", "Com.Bateeq.Service.Warehouse.WebApi\Com.Bateeq.Service.Warehouse.WebApi.csproj", "{421D5FDD-3962-4D1B-B0EB-0E5FC5F8031D}"
EndProject
Project("{9A19103F-16F7-4668-BE54-9A1E7A4F7556}") = "Com.Bateeq.Service.Warehouse.Test", "Com.Bateeq.Service.Warehouse.Test\Com.Bateeq.Service.Warehouse.Test.csproj", "{D880E996-4984-48EE-898F-B914C51DEA07}"
EndProject
Global
	GlobalSection(SolutionConfigurationPlatforms) = preSolution
		Debug|Any CPU = Debug|Any CPU
		Release|Any CPU = Release|Any CPU
	EndGlobalSection
	GlobalSection(ProjectConfigurationPlatforms) = postSolution
		{F3BDE59C-F526-425C-80EF-1BE000BC341D}.Debug|Any CPU.ActiveCfg = Debug|Any CPU
		{F3BDE59C-F526-425C-80EF-1BE000BC341D}.Debug|Any CPU.Build.0 = Debug|Any CPU
		{F3BDE59C-F526-425C-80EF-1BE000BC341D}.Release|Any CPU.ActiveCfg = Release|Any CPU
		{F3BDE59C-F526-425C-80EF-1BE000BC341D}.Release|Any CPU.Build.0 = Release|Any CPU
		{421D5FDD-3962-4D1B-B0EB-0E5FC5F8031D}.Debug|Any CPU.ActiveCfg = Debug|Any CPU
		{421D5FDD-3962-4D1B-B0EB-0E5FC5F8031D}.Debug|Any CPU.Build.0 = Debug|Any CPU
		{421D5FDD-3962-4D1B-B0EB-0E5FC5F8031D}.Release|Any CPU.ActiveCfg = Release|Any CPU
		{421D5FDD-3962-4D1B-B0EB-0E5FC5F8031D}.Release|Any CPU.Build.0 = Release|Any CPU
		{D880E996-4984-48EE-898F-B914C51DEA07}.Debug|Any CPU.ActiveCfg = Debug|Any CPU
		{D880E996-4984-48EE-898F-B914C51DEA07}.Debug|Any CPU.Build.0 = Debug|Any CPU
		{D880E996-4984-48EE-898F-B914C51DEA07}.Release|Any CPU.ActiveCfg = Release|Any CPU
		{D880E996-4984-48EE-898F-B914C51DEA07}.Release|Any CPU.Build.0 = Release|Any CPU
	EndGlobalSection
	GlobalSection(SolutionProperties) = preSolution
		HideSolutionNode = FALSE
	EndGlobalSection
	GlobalSection(ExtensibilityGlobals) = postSolution
		SolutionGuid = {8BA25B73-597A-451A-93DF-3B6610414B20}
	EndGlobalSection
EndGlobal
